
Microsoft Visual Studio Solution File, Format Version 12.00
# Visual Studio Version 16
VisualStudioVersion = 16.0.31911.196
MinimumVisualStudioVersion = 10.0.40219.1
Project("{FAE04EC0-301F-11D3-BF4B-00C04F79EFBC}") = "FriendOrganizer.UI", "FriendOrganizer.UI\FriendOrganizer.UI.csproj", "{4403F809-334D-412F-B655-72FDAE935616}"
EndProject
Project("{FAE04EC0-301F-11D3-BF4B-00C04F79EFBC}") = "FriendOrganizer.DataAccess", "FriendOrganizer.DataAccess\FriendOrganizer.DataAccess.csproj", "{358EC84F-4FD8-4D43-8EC6-DB1546EEEBB3}"
EndProject
Project("{FAE04EC0-301F-11D3-BF4B-00C04F79EFBC}") = "FriendOrganizer.Model", "FriendOrganizer.Model\FriendOrganizer.Model.csproj", "{77345979-22C5-4184-B320-CBACC095C5A7}"
EndProject
Global
	GlobalSection(SolutionConfigurationPlatforms) = preSolution
		Debug|Any CPU = Debug|Any CPU
		Release|Any CPU = Release|Any CPU
	EndGlobalSection
	GlobalSection(ProjectConfigurationPlatforms) = postSolution
		{4403F809-334D-412F-B655-72FDAE935616}.Debug|Any CPU.ActiveCfg = Debug|Any CPU
		{4403F809-334D-412F-B655-72FDAE935616}.Debug|Any CPU.Build.0 = Debug|Any CPU
		{4403F809-334D-412F-B655-72FDAE935616}.Release|Any CPU.ActiveCfg = Release|Any CPU
		{4403F809-334D-412F-B655-72FDAE935616}.Release|Any CPU.Build.0 = Release|Any CPU
		{358EC84F-4FD8-4D43-8EC6-DB1546EEEBB3}.Debug|Any CPU.ActiveCfg = Debug|Any CPU
		{358EC84F-4FD8-4D43-8EC6-DB1546EEEBB3}.Debug|Any CPU.Build.0 = Debug|Any CPU
		{358EC84F-4FD8-4D43-8EC6-DB1546EEEBB3}.Release|Any CPU.ActiveCfg = Release|Any CPU
		{358EC84F-4FD8-4D43-8EC6-DB1546EEEBB3}.Release|Any CPU.Build.0 = Release|Any CPU
		{77345979-22C5-4184-B320-CBACC095C5A7}.Debug|Any CPU.ActiveCfg = Debug|Any CPU
		{77345979-22C5-4184-B320-CBACC095C5A7}.Debug|Any CPU.Build.0 = Debug|Any CPU
		{77345979-22C5-4184-B320-CBACC095C5A7}.Release|Any CPU.ActiveCfg = Release|Any CPU
		{77345979-22C5-4184-B320-CBACC095C5A7}.Release|Any CPU.Build.0 = Release|Any CPU
	EndGlobalSection
	GlobalSection(SolutionProperties) = preSolution
		HideSolutionNode = FALSE
	EndGlobalSection
	GlobalSection(ExtensibilityGlobals) = postSolution
		SolutionGuid = {A56D2E80-ADA8-4FC7-BAB4-EB9A1D572A95}
	EndGlobalSection
EndGlobal
